// !$*UTF8*$!
{
	archiveVersion = 1;
	classes = {
	};
	objectVersion = 51;
	objects = {

/* Begin PBXAggregateTarget section */
		4E5814F920225F53008493DC /* package */ = {
			isa = PBXAggregateTarget;
			buildConfigurationList = 4E5814FA20225F53008493DC /* Build configuration list for PBXAggregateTarget "package" */;
			buildPhases = (
				4E5814FF20225FA6008493DC /* Build package */,
			);
			dependencies = (
				4E5814FE20225F7F008493DC /* PBXTargetDependency */,
			);
			name = package;
			productName = package;
		};
/* End PBXAggregateTarget section */

/* Begin PBXBuildFile section */
		2F38839D1CF46C6E00F114A7 /* AppDelegate.m in Sources */ = {isa = PBXBuildFile; fileRef = 2F38839C1CF46C6E00F114A7 /* AppDelegate.m */; };
		2F3883A01CF46C6E00F114A7 /* main.m in Sources */ = {isa = PBXBuildFile; fileRef = 2F38839F1CF46C6E00F114A7 /* main.m */; };
		2F3883A21CF46C6E00F114A7 /* Assets.xcassets in Resources */ = {isa = PBXBuildFile; fileRef = 2F3883A11CF46C6E00F114A7 /* Assets.xcassets */; };
		2F3883A51CF46C6F00F114A7 /* MainMenu.xib in Resources */ = {isa = PBXBuildFile; fileRef = 2F3883A31CF46C6F00F114A7 /* MainMenu.xib */; };
		2F3883B91CF46C9D00F114A7 /* Token.m in Sources */ = {isa = PBXBuildFile; fileRef = 2F3883B81CF46C9D00F114A7 /* Token.m */; };
		2F3883BF1CF46C9D00F114A7 /* EstEIDToken.appex in Embed App Extensions */ = {isa = PBXBuildFile; fileRef = 2F3883B01CF46C9D00F114A7 /* EstEIDToken.appex */; settings = {ATTRIBUTES = (RemoveHeadersOnCopy, ); }; };
		2F3883C51CF46D6F00F114A7 /* TokenSession.m in Sources */ = {isa = PBXBuildFile; fileRef = 2F3883C41CF46D6F00F114A7 /* TokenSession.m */; };
		2F7767771CF5E0A00062B0A8 /* Localizable.strings in Resources */ = {isa = PBXBuildFile; fileRef = 2F7767731CF5E0A00062B0A8 /* Localizable.strings */; };
		2F7767781CF5E0A00062B0A8 /* Localizable.stringsdict in Resources */ = {isa = PBXBuildFile; fileRef = 2F7767751CF5E0A00062B0A8 /* Localizable.stringsdict */; };
		4EF3231120AC183E00809D13 /* AppDelegate.m in Sources */ = {isa = PBXBuildFile; fileRef = 4EF3231020AC183E00809D13 /* AppDelegate.m */; };
		4EF3231920AC184000809D13 /* Main.storyboard in Resources */ = {isa = PBXBuildFile; fileRef = 4EF3231720AC184000809D13 /* Main.storyboard */; };
		4EF3231C20AC184000809D13 /* main.m in Sources */ = {isa = PBXBuildFile; fileRef = 4EF3231B20AC184000809D13 /* main.m */; };
		4EF3232620AC1B4000809D13 /* EstEIDTokenNotify.app in Resources */ = {isa = PBXBuildFile; fileRef = 4EF3230D20AC183E00809D13 /* EstEIDTokenNotify.app */; };
		4EF3232820AC304C00809D13 /* Assets.xcassets in Resources */ = {isa = PBXBuildFile; fileRef = 4EF3232720AC304C00809D13 /* Assets.xcassets */; };
/* End PBXBuildFile section */

/* Begin PBXContainerItemProxy section */
		2F3883BD1CF46C9D00F114A7 /* PBXContainerItemProxy */ = {
			isa = PBXContainerItemProxy;
			containerPortal = 2F3883901CF46C6E00F114A7 /* Project object */;
			proxyType = 1;
			remoteGlobalIDString = 2F3883AF1CF46C9D00F114A7;
			remoteInfo = EstEIDToken;
		};
		4E5814FD20225F7F008493DC /* PBXContainerItemProxy */ = {
			isa = PBXContainerItemProxy;
			containerPortal = 2F3883901CF46C6E00F114A7 /* Project object */;
			proxyType = 1;
			remoteGlobalIDString = 2F3883971CF46C6E00F114A7;
			remoteInfo = EstEIDTokenApp;
		};
		4EF3232120AC1A0500809D13 /* PBXContainerItemProxy */ = {
			isa = PBXContainerItemProxy;
			containerPortal = 2F3883901CF46C6E00F114A7 /* Project object */;
			proxyType = 1;
			remoteGlobalIDString = 4EF3230C20AC183E00809D13;
			remoteInfo = Notify;
		};
/* End PBXContainerItemProxy section */

/* Begin PBXCopyFilesBuildPhase section */
		2F3883C31CF46C9D00F114A7 /* Embed App Extensions */ = {
			isa = PBXCopyFilesBuildPhase;
			buildActionMask = 2147483647;
			dstPath = "";
			dstSubfolderSpec = 13;
			files = (
				2F3883BF1CF46C9D00F114A7 /* EstEIDToken.appex in Embed App Extensions */,
			);
			name = "Embed App Extensions";
			runOnlyForDeploymentPostprocessing = 0;
		};
/* End PBXCopyFilesBuildPhase section */

/* Begin PBXFileReference section */
		2F3883981CF46C6E00F114A7 /* EstEIDTokenApp.app */ = {isa = PBXFileReference; explicitFileType = wrapper.application; includeInIndex = 0; path = EstEIDTokenApp.app; sourceTree = BUILT_PRODUCTS_DIR; };
		2F38839C1CF46C6E00F114A7 /* AppDelegate.m */ = {isa = PBXFileReference; lastKnownFileType = sourcecode.c.objc; path = AppDelegate.m; sourceTree = "<group>"; };
		2F38839F1CF46C6E00F114A7 /* main.m */ = {isa = PBXFileReference; lastKnownFileType = sourcecode.c.objc; path = main.m; sourceTree = "<group>"; };
		2F3883A11CF46C6E00F114A7 /* Assets.xcassets */ = {isa = PBXFileReference; lastKnownFileType = folder.assetcatalog; path = Assets.xcassets; sourceTree = "<group>"; };
		2F3883A41CF46C6F00F114A7 /* Base */ = {isa = PBXFileReference; lastKnownFileType = file.xib; name = Base; path = Base.lproj/MainMenu.xib; sourceTree = "<group>"; };
		2F3883A61CF46C6F00F114A7 /* Info.plist */ = {isa = PBXFileReference; lastKnownFileType = text.plist.xml; path = Info.plist; sourceTree = "<group>"; };
		2F3883B01CF46C9D00F114A7 /* EstEIDToken.appex */ = {isa = PBXFileReference; explicitFileType = "wrapper.app-extension"; includeInIndex = 0; path = EstEIDToken.appex; sourceTree = BUILT_PRODUCTS_DIR; };
		2F3883B61CF46C9D00F114A7 /* EstEIDToken.entitlements */ = {isa = PBXFileReference; lastKnownFileType = text.plist.entitlements; path = EstEIDToken.entitlements; sourceTree = "<group>"; };
		2F3883B71CF46C9D00F114A7 /* Token.h */ = {isa = PBXFileReference; lastKnownFileType = sourcecode.c.h; path = Token.h; sourceTree = "<group>"; };
		2F3883B81CF46C9D00F114A7 /* Token.m */ = {isa = PBXFileReference; lastKnownFileType = sourcecode.c.objc; path = Token.m; sourceTree = "<group>"; };
		2F3883BC1CF46C9D00F114A7 /* Info.plist */ = {isa = PBXFileReference; lastKnownFileType = text.plist.xml; path = Info.plist; sourceTree = "<group>"; };
		2F3883C41CF46D6F00F114A7 /* TokenSession.m */ = {isa = PBXFileReference; fileEncoding = 4; lastKnownFileType = sourcecode.c.objc; path = TokenSession.m; sourceTree = "<group>"; };
		2F7767741CF5E0A00062B0A8 /* en */ = {isa = PBXFileReference; lastKnownFileType = text.plist.strings; name = en; path = en.lproj/Localizable.strings; sourceTree = "<group>"; };
		2F7767761CF5E0A00062B0A8 /* en */ = {isa = PBXFileReference; lastKnownFileType = text.plist.stringsdict; name = en; path = en.lproj/Localizable.stringsdict; sourceTree = "<group>"; };
		4EAFE859212C20BE00DD6D87 /* ru */ = {isa = PBXFileReference; lastKnownFileType = text.plist.strings; name = ru; path = ru.lproj/MainMenu.strings; sourceTree = "<group>"; };
		4EAFE85B212C20BE00DD6D87 /* ru */ = {isa = PBXFileReference; lastKnownFileType = text.plist.strings; name = ru; path = ru.lproj/Localizable.strings; sourceTree = "<group>"; };
		4EAFE85C212C20BE00DD6D87 /* ru */ = {isa = PBXFileReference; lastKnownFileType = text.plist.stringsdict; name = ru; path = ru.lproj/Localizable.stringsdict; sourceTree = "<group>"; };
		4EAFE85D212C20F200DD6D87 /* et */ = {isa = PBXFileReference; lastKnownFileType = text.plist.strings; name = et; path = et.lproj/MainMenu.strings; sourceTree = "<group>"; };
		4EAFE85F212C20F200DD6D87 /* et */ = {isa = PBXFileReference; lastKnownFileType = text.plist.strings; name = et; path = et.lproj/Localizable.strings; sourceTree = "<group>"; };
		4EAFE860212C20F200DD6D87 /* et */ = {isa = PBXFileReference; lastKnownFileType = text.plist.stringsdict; name = et; path = et.lproj/Localizable.stringsdict; sourceTree = "<group>"; };
		4EAFE864212C21E900DD6D87 /* ru */ = {isa = PBXFileReference; lastKnownFileType = text.plist.strings; name = ru; path = ru.lproj/Main.strings; sourceTree = "<group>"; };
		4EAFE866212C21E900DD6D87 /* et */ = {isa = PBXFileReference; lastKnownFileType = text.plist.strings; name = et; path = et.lproj/Main.strings; sourceTree = "<group>"; };
		4EF3230D20AC183E00809D13 /* EstEIDTokenNotify.app */ = {isa = PBXFileReference; explicitFileType = wrapper.application; includeInIndex = 0; path = EstEIDTokenNotify.app; sourceTree = BUILT_PRODUCTS_DIR; };
		4EF3231020AC183E00809D13 /* AppDelegate.m */ = {isa = PBXFileReference; lastKnownFileType = sourcecode.c.objc; path = AppDelegate.m; sourceTree = "<group>"; };
		4EF3231820AC184000809D13 /* Base */ = {isa = PBXFileReference; lastKnownFileType = file.storyboard; name = Base; path = Base.lproj/Main.storyboard; sourceTree = "<group>"; };
		4EF3231A20AC184000809D13 /* Info.plist */ = {isa = PBXFileReference; lastKnownFileType = text.plist.xml; path = Info.plist; sourceTree = "<group>"; };
		4EF3231B20AC184000809D13 /* main.m */ = {isa = PBXFileReference; lastKnownFileType = sourcecode.c.objc; path = main.m; sourceTree = "<group>"; };
		4EF3232720AC304C00809D13 /* Assets.xcassets */ = {isa = PBXFileReference; lastKnownFileType = folder.assetcatalog; name = Assets.xcassets; path = EstEIDTokenApp/Assets.xcassets; sourceTree = SOURCE_ROOT; };
/* End PBXFileReference section */

/* Begin PBXFrameworksBuildPhase section */
		2F3883951CF46C6E00F114A7 /* Frameworks */ = {
			isa = PBXFrameworksBuildPhase;
			buildActionMask = 2147483647;
			files = (
			);
			runOnlyForDeploymentPostprocessing = 0;
		};
		2F3883AD1CF46C9D00F114A7 /* Frameworks */ = {
			isa = PBXFrameworksBuildPhase;
			buildActionMask = 2147483647;
			files = (
			);
			runOnlyForDeploymentPostprocessing = 0;
		};
		4EF3230A20AC183E00809D13 /* Frameworks */ = {
			isa = PBXFrameworksBuildPhase;
			buildActionMask = 2147483647;
			files = (
			);
			runOnlyForDeploymentPostprocessing = 0;
		};
/* End PBXFrameworksBuildPhase section */

/* Begin PBXGroup section */
		2F38838F1CF46C6E00F114A7 = {
			isa = PBXGroup;
			children = (
				2F38839A1CF46C6E00F114A7 /* EstEIDTokenApp */,
				2F3883B41CF46C9D00F114A7 /* EstEIDToken */,
				4EF3230E20AC183E00809D13 /* EstEIDTokenNotify */,
				2F3883991CF46C6E00F114A7 /* Products */,
			);
			sourceTree = "<group>";
		};
		2F3883991CF46C6E00F114A7 /* Products */ = {
			isa = PBXGroup;
			children = (
				2F3883981CF46C6E00F114A7 /* EstEIDTokenApp.app */,
				2F3883B01CF46C9D00F114A7 /* EstEIDToken.appex */,
				4EF3230D20AC183E00809D13 /* EstEIDTokenNotify.app */,
			);
			name = Products;
			sourceTree = "<group>";
		};
		2F38839A1CF46C6E00F114A7 /* EstEIDTokenApp */ = {
			isa = PBXGroup;
			children = (
				2F38839C1CF46C6E00F114A7 /* AppDelegate.m */,
				2F3883A11CF46C6E00F114A7 /* Assets.xcassets */,
				2F3883A31CF46C6F00F114A7 /* MainMenu.xib */,
				2F3883A61CF46C6F00F114A7 /* Info.plist */,
				2F38839F1CF46C6E00F114A7 /* main.m */,
			);
			path = EstEIDTokenApp;
			sourceTree = "<group>";
		};
		2F3883B41CF46C9D00F114A7 /* EstEIDToken */ = {
			isa = PBXGroup;
			children = (
				2F7767721CF5E08E0062B0A8 /* en.lproj */,
				2F3883B71CF46C9D00F114A7 /* Token.h */,
				2F3883B81CF46C9D00F114A7 /* Token.m */,
				2F3883C41CF46D6F00F114A7 /* TokenSession.m */,
				2F3883BC1CF46C9D00F114A7 /* Info.plist */,
				2F3883B61CF46C9D00F114A7 /* EstEIDToken.entitlements */,
			);
			path = EstEIDToken;
			sourceTree = "<group>";
		};
		2F7767721CF5E08E0062B0A8 /* en.lproj */ = {
			isa = PBXGroup;
			children = (
				2F7767731CF5E0A00062B0A8 /* Localizable.strings */,
				2F7767751CF5E0A00062B0A8 /* Localizable.stringsdict */,
			);
			name = en.lproj;
			sourceTree = "<group>";
		};
		4EF3230E20AC183E00809D13 /* EstEIDTokenNotify */ = {
			isa = PBXGroup;
			children = (
				4EF3232720AC304C00809D13 /* Assets.xcassets */,
				4EF3231020AC183E00809D13 /* AppDelegate.m */,
				4EF3231720AC184000809D13 /* Main.storyboard */,
				4EF3231A20AC184000809D13 /* Info.plist */,
				4EF3231B20AC184000809D13 /* main.m */,
			);
			path = EstEIDTokenNotify;
			sourceTree = "<group>";
		};
/* End PBXGroup section */

/* Begin PBXNativeTarget section */
		2F3883971CF46C6E00F114A7 /* EstEIDTokenApp */ = {
			isa = PBXNativeTarget;
			buildConfigurationList = 2F3883A91CF46C6F00F114A7 /* Build configuration list for PBXNativeTarget "EstEIDTokenApp" */;
			buildPhases = (
				2F3883941CF46C6E00F114A7 /* Sources */,
				2F3883951CF46C6E00F114A7 /* Frameworks */,
				2F3883961CF46C6E00F114A7 /* Resources */,
				2F3883C31CF46C9D00F114A7 /* Embed App Extensions */,
			);
			buildRules = (
			);
			dependencies = (
				4EF3232220AC1A0500809D13 /* PBXTargetDependency */,
				2F3883BE1CF46C9D00F114A7 /* PBXTargetDependency */,
			);
			name = EstEIDTokenApp;
			productName = EstEIDTokenApp;
			productReference = 2F3883981CF46C6E00F114A7 /* EstEIDTokenApp.app */;
			productType = "com.apple.product-type.application";
		};
		2F3883AF1CF46C9D00F114A7 /* EstEIDToken */ = {
			isa = PBXNativeTarget;
			buildConfigurationList = 2F3883C01CF46C9D00F114A7 /* Build configuration list for PBXNativeTarget "EstEIDToken" */;
			buildPhases = (
				2F3883AC1CF46C9D00F114A7 /* Sources */,
				2F3883AD1CF46C9D00F114A7 /* Frameworks */,
				2F3883AE1CF46C9D00F114A7 /* Resources */,
			);
			buildRules = (
			);
			dependencies = (
			);
			name = EstEIDToken;
			productName = EstEIDToken;
			productReference = 2F3883B01CF46C9D00F114A7 /* EstEIDToken.appex */;
			productType = "com.apple.product-type.app-extension";
		};
		4EF3230C20AC183E00809D13 /* EstEIDTokenNotify */ = {
			isa = PBXNativeTarget;
			buildConfigurationList = 4EF3232020AC184000809D13 /* Build configuration list for PBXNativeTarget "EstEIDTokenNotify" */;
			buildPhases = (
				4EF3230920AC183E00809D13 /* Sources */,
				4EF3230A20AC183E00809D13 /* Frameworks */,
				4EF3230B20AC183E00809D13 /* Resources */,
			);
			buildRules = (
			);
			dependencies = (
			);
			name = EstEIDTokenNotify;
			productName = Notify;
			productReference = 4EF3230D20AC183E00809D13 /* EstEIDTokenNotify.app */;
			productType = "com.apple.product-type.application";
		};
/* End PBXNativeTarget section */

/* Begin PBXProject section */
		2F3883901CF46C6E00F114A7 /* Project object */ = {
			isa = PBXProject;
			attributes = {
				LastUpgradeCheck = 1130;
				ORGANIZATIONNAME = "";
				TargetAttributes = {
					2F3883971CF46C6E00F114A7 = {
						CreatedOnToolsVersion = 8.0;
						DevelopmentTeam = 4F425HHPH8;
						ProvisioningStyle = Manual;
					};
					2F3883AF1CF46C9D00F114A7 = {
						CreatedOnToolsVersion = 8.0;
						DevelopmentTeam = 4F425HHPH8;
						ProvisioningStyle = Manual;
					};
					4E5814F920225F53008493DC = {
						CreatedOnToolsVersion = 9.2;
						ProvisioningStyle = Automatic;
					};
					4EF3230C20AC183E00809D13 = {
						CreatedOnToolsVersion = 9.3.1;
						DevelopmentTeam = 4F425HHPH8;
						ProvisioningStyle = Manual;
					};
				};
			};
			buildConfigurationList = 2F3883931CF46C6E00F114A7 /* Build configuration list for PBXProject "EstEIDTokenApp" */;
			compatibilityVersion = "Xcode 10.0";
			developmentRegion = en;
			hasScannedForEncodings = 0;
			knownRegions = (
				en,
				Base,
				ru,
				et,
			);
			mainGroup = 2F38838F1CF46C6E00F114A7;
			productRefGroup = 2F3883991CF46C6E00F114A7 /* Products */;
			projectDirPath = "";
			projectRoot = "";
			targets = (
				2F3883971CF46C6E00F114A7 /* EstEIDTokenApp */,
				2F3883AF1CF46C9D00F114A7 /* EstEIDToken */,
				4EF3230C20AC183E00809D13 /* EstEIDTokenNotify */,
				4E5814F920225F53008493DC /* package */,
			);
		};
/* End PBXProject section */

/* Begin PBXResourcesBuildPhase section */
		2F3883961CF46C6E00F114A7 /* Resources */ = {
			isa = PBXResourcesBuildPhase;
			buildActionMask = 2147483647;
			files = (
				2F3883A21CF46C6E00F114A7 /* Assets.xcassets in Resources */,
				4EF3232620AC1B4000809D13 /* EstEIDTokenNotify.app in Resources */,
				2F3883A51CF46C6F00F114A7 /* MainMenu.xib in Resources */,
			);
			runOnlyForDeploymentPostprocessing = 0;
		};
		2F3883AE1CF46C9D00F114A7 /* Resources */ = {
			isa = PBXResourcesBuildPhase;
			buildActionMask = 2147483647;
			files = (
				2F7767771CF5E0A00062B0A8 /* Localizable.strings in Resources */,
				2F7767781CF5E0A00062B0A8 /* Localizable.stringsdict in Resources */,
			);
			runOnlyForDeploymentPostprocessing = 0;
		};
		4EF3230B20AC183E00809D13 /* Resources */ = {
			isa = PBXResourcesBuildPhase;
			buildActionMask = 2147483647;
			files = (
				4EF3232820AC304C00809D13 /* Assets.xcassets in Resources */,
				4EF3231920AC184000809D13 /* Main.storyboard in Resources */,
			);
			runOnlyForDeploymentPostprocessing = 0;
		};
/* End PBXResourcesBuildPhase section */

/* Begin PBXShellScriptBuildPhase section */
		4E5814FF20225FA6008493DC /* Build package */ = {
			isa = PBXShellScriptBuildPhase;
			buildActionMask = 8;
			files = (
			);
			inputPaths = (
			);
			name = "Build package";
			outputPaths = (
			);
			runOnlyForDeploymentPostprocessing = 1;
			shellPath = /bin/sh;
			shellScript = "if [ \"${CODE_SIGNING_REQUIRED}\" != \"NO\" ]; then\n  SIGN=(--sign \"${DEVELOPMENT_TEAM}\")\nfi\npkgbuild --root ${DSTROOT} --install-location / --identifier ee.ria.esteid-ctk-tokend --version ${MARKETING_VERSION}.${CURRENT_PROJECT_VERSION} \"${SIGN[@]}\" esteid-ctk-tokend_${MARKETING_VERSION}.${CURRENT_PROJECT_VERSION}.pkg\n";
			showEnvVarsInLog = 0;
		};
/* End PBXShellScriptBuildPhase section */

/* Begin PBXSourcesBuildPhase section */
		2F3883941CF46C6E00F114A7 /* Sources */ = {
			isa = PBXSourcesBuildPhase;
			buildActionMask = 2147483647;
			files = (
				2F3883A01CF46C6E00F114A7 /* main.m in Sources */,
				2F38839D1CF46C6E00F114A7 /* AppDelegate.m in Sources */,
			);
			runOnlyForDeploymentPostprocessing = 0;
		};
		2F3883AC1CF46C9D00F114A7 /* Sources */ = {
			isa = PBXSourcesBuildPhase;
			buildActionMask = 2147483647;
			files = (
				2F3883B91CF46C9D00F114A7 /* Token.m in Sources */,
				2F3883C51CF46D6F00F114A7 /* TokenSession.m in Sources */,
			);
			runOnlyForDeploymentPostprocessing = 0;
		};
		4EF3230920AC183E00809D13 /* Sources */ = {
			isa = PBXSourcesBuildPhase;
			buildActionMask = 2147483647;
			files = (
				4EF3231C20AC184000809D13 /* main.m in Sources */,
				4EF3231120AC183E00809D13 /* AppDelegate.m in Sources */,
			);
			runOnlyForDeploymentPostprocessing = 0;
		};
/* End PBXSourcesBuildPhase section */

/* Begin PBXTargetDependency section */
		2F3883BE1CF46C9D00F114A7 /* PBXTargetDependency */ = {
			isa = PBXTargetDependency;
			target = 2F3883AF1CF46C9D00F114A7 /* EstEIDToken */;
			targetProxy = 2F3883BD1CF46C9D00F114A7 /* PBXContainerItemProxy */;
		};
		4E5814FE20225F7F008493DC /* PBXTargetDependency */ = {
			isa = PBXTargetDependency;
			target = 2F3883971CF46C6E00F114A7 /* EstEIDTokenApp */;
			targetProxy = 4E5814FD20225F7F008493DC /* PBXContainerItemProxy */;
		};
		4EF3232220AC1A0500809D13 /* PBXTargetDependency */ = {
			isa = PBXTargetDependency;
			target = 4EF3230C20AC183E00809D13 /* EstEIDTokenNotify */;
			targetProxy = 4EF3232120AC1A0500809D13 /* PBXContainerItemProxy */;
		};
/* End PBXTargetDependency section */

/* Begin PBXVariantGroup section */
		2F3883A31CF46C6F00F114A7 /* MainMenu.xib */ = {
			isa = PBXVariantGroup;
			children = (
				2F3883A41CF46C6F00F114A7 /* Base */,
				4EAFE859212C20BE00DD6D87 /* ru */,
				4EAFE85D212C20F200DD6D87 /* et */,
			);
			name = MainMenu.xib;
			sourceTree = "<group>";
		};
		2F7767731CF5E0A00062B0A8 /* Localizable.strings */ = {
			isa = PBXVariantGroup;
			children = (
				2F7767741CF5E0A00062B0A8 /* en */,
				4EAFE85B212C20BE00DD6D87 /* ru */,
				4EAFE85F212C20F200DD6D87 /* et */,
			);
			name = Localizable.strings;
			sourceTree = "<group>";
		};
		2F7767751CF5E0A00062B0A8 /* Localizable.stringsdict */ = {
			isa = PBXVariantGroup;
			children = (
				2F7767761CF5E0A00062B0A8 /* en */,
				4EAFE85C212C20BE00DD6D87 /* ru */,
				4EAFE860212C20F200DD6D87 /* et */,
			);
			name = Localizable.stringsdict;
			sourceTree = "<group>";
		};
		4EF3231720AC184000809D13 /* Main.storyboard */ = {
			isa = PBXVariantGroup;
			children = (
				4EF3231820AC184000809D13 /* Base */,
				4EAFE864212C21E900DD6D87 /* ru */,
				4EAFE866212C21E900DD6D87 /* et */,
			);
			name = Main.storyboard;
			sourceTree = "<group>";
		};
/* End PBXVariantGroup section */

/* Begin XCBuildConfiguration section */
		2F3883A71CF46C6F00F114A7 /* Debug */ = {
			isa = XCBuildConfiguration;
			buildSettings = {
				ALWAYS_SEARCH_USER_PATHS = NO;
				CLANG_ANALYZER_LOCALIZABILITY_NONLOCALIZED = YES;
				CLANG_ANALYZER_NONNULL = YES;
				CLANG_ANALYZER_NUMBER_OBJECT_CONVERSION = YES_AGGRESSIVE;
				CLANG_CXX_LANGUAGE_STANDARD = "gnu++14";
				CLANG_CXX_LIBRARY = "libc++";
				CLANG_ENABLE_MODULES = YES;
				CLANG_ENABLE_OBJC_ARC = YES;
				CLANG_ENABLE_OBJC_WEAK = YES;
				CLANG_WARN_BLOCK_CAPTURE_AUTORELEASING = YES;
				CLANG_WARN_BOOL_CONVERSION = YES;
				CLANG_WARN_COMMA = YES;
				CLANG_WARN_CONSTANT_CONVERSION = YES;
				CLANG_WARN_DEPRECATED_OBJC_IMPLEMENTATIONS = YES;
				CLANG_WARN_DIRECT_OBJC_ISA_USAGE = YES_ERROR;
				CLANG_WARN_DOCUMENTATION_COMMENTS = YES;
				CLANG_WARN_EMPTY_BODY = YES;
				CLANG_WARN_ENUM_CONVERSION = YES;
				CLANG_WARN_INFINITE_RECURSION = YES;
				CLANG_WARN_INT_CONVERSION = YES;
				CLANG_WARN_NON_LITERAL_NULL_CONVERSION = YES;
				CLANG_WARN_OBJC_IMPLICIT_RETAIN_SELF = YES;
				CLANG_WARN_OBJC_LITERAL_CONVERSION = YES;
				CLANG_WARN_OBJC_ROOT_CLASS = YES_ERROR;
				CLANG_WARN_RANGE_LOOP_ANALYSIS = YES;
				CLANG_WARN_STRICT_PROTOTYPES = YES;
				CLANG_WARN_SUSPICIOUS_MOVE = YES;
				CLANG_WARN_UNGUARDED_AVAILABILITY = YES_AGGRESSIVE;
				CLANG_WARN_UNREACHABLE_CODE = YES;
				CLANG_WARN__DUPLICATE_METHOD_MATCH = YES;
				CODE_SIGN_IDENTITY = "-";
				COPY_PHASE_STRIP = NO;
				CURRENT_PROJECT_VERSION = 0;
				DEBUG_INFORMATION_FORMAT = dwarf;
				DEVELOPMENT_TEAM = 4F425HHPH8;
				ENABLE_STRICT_OBJC_MSGSEND = YES;
				ENABLE_TESTABILITY = YES;
				GCC_C_LANGUAGE_STANDARD = gnu11;
				GCC_DYNAMIC_NO_PIC = NO;
				GCC_NO_COMMON_BLOCKS = YES;
				GCC_OPTIMIZATION_LEVEL = 0;
				GCC_PREPROCESSOR_DEFINITIONS = (
					"DEBUG=1",
					"$(inherited)",
				);
				GCC_WARN_64_TO_32_BIT_CONVERSION = YES;
				GCC_WARN_ABOUT_RETURN_TYPE = YES_ERROR;
				GCC_WARN_UNDECLARED_SELECTOR = YES;
				GCC_WARN_UNINITIALIZED_AUTOS = YES_AGGRESSIVE;
				GCC_WARN_UNUSED_FUNCTION = YES;
				GCC_WARN_UNUSED_VARIABLE = YES;
				MACOSX_DEPLOYMENT_TARGET = 10.13;
				MARKETING_VERSION = 1.3.2;
				ONLY_ACTIVE_ARCH = YES;
				SDKROOT = macosx;
			};
			name = Debug;
		};
		2F3883A81CF46C6F00F114A7 /* Release */ = {
			isa = XCBuildConfiguration;
			buildSettings = {
				ALWAYS_SEARCH_USER_PATHS = NO;
				CLANG_ANALYZER_LOCALIZABILITY_NONLOCALIZED = YES;
				CLANG_ANALYZER_NONNULL = YES;
				CLANG_ANALYZER_NUMBER_OBJECT_CONVERSION = YES_AGGRESSIVE;
				CLANG_CXX_LANGUAGE_STANDARD = "gnu++14";
				CLANG_CXX_LIBRARY = "libc++";
				CLANG_ENABLE_MODULES = YES;
				CLANG_ENABLE_OBJC_ARC = YES;
				CLANG_ENABLE_OBJC_WEAK = YES;
				CLANG_WARN_BLOCK_CAPTURE_AUTORELEASING = YES;
				CLANG_WARN_BOOL_CONVERSION = YES;
				CLANG_WARN_COMMA = YES;
				CLANG_WARN_CONSTANT_CONVERSION = YES;
				CLANG_WARN_DEPRECATED_OBJC_IMPLEMENTATIONS = YES;
				CLANG_WARN_DIRECT_OBJC_ISA_USAGE = YES_ERROR;
				CLANG_WARN_DOCUMENTATION_COMMENTS = YES;
				CLANG_WARN_EMPTY_BODY = YES;
				CLANG_WARN_ENUM_CONVERSION = YES;
				CLANG_WARN_INFINITE_RECURSION = YES;
				CLANG_WARN_INT_CONVERSION = YES;
				CLANG_WARN_NON_LITERAL_NULL_CONVERSION = YES;
				CLANG_WARN_OBJC_IMPLICIT_RETAIN_SELF = YES;
				CLANG_WARN_OBJC_LITERAL_CONVERSION = YES;
				CLANG_WARN_OBJC_ROOT_CLASS = YES_ERROR;
				CLANG_WARN_RANGE_LOOP_ANALYSIS = YES;
				CLANG_WARN_STRICT_PROTOTYPES = YES;
				CLANG_WARN_SUSPICIOUS_MOVE = YES;
				CLANG_WARN_UNGUARDED_AVAILABILITY = YES_AGGRESSIVE;
				CLANG_WARN_UNREACHABLE_CODE = YES;
				CLANG_WARN__DUPLICATE_METHOD_MATCH = YES;
				CODE_SIGN_IDENTITY = "Developer ID Application";
				CODE_SIGN_INJECT_BASE_ENTITLEMENTS = NO;
				COPY_PHASE_STRIP = NO;
				CURRENT_PROJECT_VERSION = 0;
				DEBUG_INFORMATION_FORMAT = "dwarf-with-dsym";
				DEVELOPMENT_TEAM = 4F425HHPH8;
				ENABLE_NS_ASSERTIONS = NO;
				ENABLE_STRICT_OBJC_MSGSEND = YES;
				GCC_C_LANGUAGE_STANDARD = gnu11;
				GCC_NO_COMMON_BLOCKS = YES;
				GCC_WARN_64_TO_32_BIT_CONVERSION = YES;
				GCC_WARN_ABOUT_RETURN_TYPE = YES_ERROR;
				GCC_WARN_UNDECLARED_SELECTOR = YES;
				GCC_WARN_UNINITIALIZED_AUTOS = YES_AGGRESSIVE;
				GCC_WARN_UNUSED_FUNCTION = YES;
				GCC_WARN_UNUSED_VARIABLE = YES;
				MACOSX_DEPLOYMENT_TARGET = 10.13;
				MARKETING_VERSION = 1.3.2;
				OTHER_CODE_SIGN_FLAGS = "--timestamp --options=runtime";
				SDKROOT = macosx;
			};
			name = Release;
		};
		2F3883AA1CF46C6F00F114A7 /* Debug */ = {
			isa = XCBuildConfiguration;
			buildSettings = {
				ASSETCATALOG_COMPILER_APPICON_NAME = AppIcon;
				COMBINE_HIDPI_IMAGES = YES;
				INFOPLIST_FILE = EstEIDTokenApp/Info.plist;
				INSTALL_PATH = "$(LOCAL_APPS_DIR)/Utilities";
				LD_RUNPATH_SEARCH_PATHS = (
					"$(inherited)",
					"@executable_path/../Frameworks",
				);
				MARKETING_VERSION = 1.3.2;
				PRODUCT_BUNDLE_IDENTIFIER = ee.ria.EstEIDTokenApp;
				PRODUCT_NAME = "$(TARGET_NAME)";
			};
			name = Debug;
		};
		2F3883AB1CF46C6F00F114A7 /* Release */ = {
			isa = XCBuildConfiguration;
			buildSettings = {
				ASSETCATALOG_COMPILER_APPICON_NAME = AppIcon;
				COMBINE_HIDPI_IMAGES = YES;
				INFOPLIST_FILE = EstEIDTokenApp/Info.plist;
				INSTALL_PATH = "$(LOCAL_APPS_DIR)/Utilities";
				LD_RUNPATH_SEARCH_PATHS = (
					"$(inherited)",
					"@executable_path/../Frameworks",
				);
				MARKETING_VERSION = 1.3.2;
				PRODUCT_BUNDLE_IDENTIFIER = ee.ria.EstEIDTokenApp;
				PRODUCT_NAME = "$(TARGET_NAME)";
			};
			name = Release;
		};
		2F3883C11CF46C9D00F114A7 /* Debug */ = {
			isa = XCBuildConfiguration;
			buildSettings = {
				CODE_SIGN_ENTITLEMENTS = EstEIDToken/EstEIDToken.entitlements;
				COMBINE_HIDPI_IMAGES = YES;
				INFOPLIST_FILE = EstEIDToken/Info.plist;
				LD_RUNPATH_SEARCH_PATHS = (
					"$(inherited)",
					"@executable_path/../Frameworks",
					"@executable_path/../../../../Frameworks",
				);
				PRODUCT_BUNDLE_IDENTIFIER = ee.ria.EstEIDTokenApp.EstEIDToken;
				PRODUCT_NAME = "$(TARGET_NAME)";
				SKIP_INSTALL = YES;
			};
			name = Debug;
		};
		2F3883C21CF46C9D00F114A7 /* Release */ = {
			isa = XCBuildConfiguration;
			buildSettings = {
				CODE_SIGN_ENTITLEMENTS = EstEIDToken/EstEIDToken.entitlements;
				COMBINE_HIDPI_IMAGES = YES;
				INFOPLIST_FILE = EstEIDToken/Info.plist;
				LD_RUNPATH_SEARCH_PATHS = (
					"$(inherited)",
					"@executable_path/../Frameworks",
					"@executable_path/../../../../Frameworks",
				);
				PRODUCT_BUNDLE_IDENTIFIER = ee.ria.EstEIDTokenApp.EstEIDToken;
				PRODUCT_NAME = "$(TARGET_NAME)";
				SKIP_INSTALL = YES;
			};
			name = Release;
		};
		4E5814FB20225F53008493DC /* Debug */ = {
			isa = XCBuildConfiguration;
			buildSettings = {
				PRODUCT_NAME = "$(TARGET_NAME)";
			};
			name = Debug;
		};
		4E5814FC20225F53008493DC /* Release */ = {
			isa = XCBuildConfiguration;
			buildSettings = {
				PRODUCT_NAME = "$(TARGET_NAME)";
			};
			name = Release;
		};
		4EF3231E20AC184000809D13 /* Debug */ = {
			isa = XCBuildConfiguration;
			buildSettings = {
				ASSETCATALOG_COMPILER_APPICON_NAME = AppIcon;
				COMBINE_HIDPI_IMAGES = YES;
				INFOPLIST_FILE = EstEIDTokenNotify/Info.plist;
				LD_RUNPATH_SEARCH_PATHS = (
					"$(inherited)",
					"@executable_path/../Frameworks",
				);
				PRODUCT_BUNDLE_IDENTIFIER = ee.ria.EstEIDTokenApp.EstEIDTokenNotify;
				PRODUCT_NAME = "$(TARGET_NAME)";
				SKIP_INSTALL = YES;
			};
			name = Debug;
		};
		4EF3231F20AC184000809D13 /* Release */ = {
			isa = XCBuildConfiguration;
			buildSettings = {
				ASSETCATALOG_COMPILER_APPICON_NAME = AppIcon;
				COMBINE_HIDPI_IMAGES = YES;
				INFOPLIST_FILE = EstEIDTokenNotify/Info.plist;
				LD_RUNPATH_SEARCH_PATHS = (
					"$(inherited)",
					"@executable_path/../Frameworks",
				);
				PRODUCT_BUNDLE_IDENTIFIER = ee.ria.EstEIDTokenApp.EstEIDTokenNotify;
				PRODUCT_NAME = "$(TARGET_NAME)";
				SKIP_INSTALL = YES;
			};
			name = Release;
		};
/* End XCBuildConfiguration section */

/* Begin XCConfigurationList section */
		2F3883931CF46C6E00F114A7 /* Build configuration list for PBXProject "EstEIDTokenApp" */ = {
			isa = XCConfigurationList;
			buildConfigurations = (
				2F3883A71CF46C6F00F114A7 /* Debug */,
				2F3883A81CF46C6F00F114A7 /* Release */,
			);
			defaultConfigurationIsVisible = 0;
			defaultConfigurationName = Release;
		};
		2F3883A91CF46C6F00F114A7 /* Build configuration list for PBXNativeTarget "EstEIDTokenApp" */ = {
			isa = XCConfigurationList;
			buildConfigurations = (
				2F3883AA1CF46C6F00F114A7 /* Debug */,
				2F3883AB1CF46C6F00F114A7 /* Release */,
			);
			defaultConfigurationIsVisible = 0;
			defaultConfigurationName = Release;
		};
		2F3883C01CF46C9D00F114A7 /* Build configuration list for PBXNativeTarget "EstEIDToken" */ = {
			isa = XCConfigurationList;
			buildConfigurations = (
				2F3883C11CF46C9D00F114A7 /* Debug */,
				2F3883C21CF46C9D00F114A7 /* Release */,
			);
			defaultConfigurationIsVisible = 0;
			defaultConfigurationName = Release;
		};
		4E5814FA20225F53008493DC /* Build configuration list for PBXAggregateTarget "package" */ = {
			isa = XCConfigurationList;
			buildConfigurations = (
				4E5814FB20225F53008493DC /* Debug */,
				4E5814FC20225F53008493DC /* Release */,
			);
			defaultConfigurationIsVisible = 0;
			defaultConfigurationName = Release;
		};
		4EF3232020AC184000809D13 /* Build configuration list for PBXNativeTarget "EstEIDTokenNotify" */ = {
			isa = XCConfigurationList;
			buildConfigurations = (
				4EF3231E20AC184000809D13 /* Debug */,
				4EF3231F20AC184000809D13 /* Release */,
			);
			defaultConfigurationIsVisible = 0;
			defaultConfigurationName = Release;
		};
/* End XCConfigurationList section */
	};
	rootObject = 2F3883901CF46C6E00F114A7 /* Project object */;
}
