// !$*UTF8*$!
{
	archiveVersion = 1;
	classes = {
	};
	objectVersion = 55;
	objects = {

/* Begin PBXAggregateTarget section */
		4E5814F920225F53008493DC /* package */ = {
			isa = PBXAggregateTarget;
			buildConfigurationList = 4E5814FA20225F53008493DC /* Build configuration list for PBXAggregateTarget "package" */;
			buildPhases = (
				4E5814FF20225FA6008493DC /* Build package */,
			);
			dependencies = (
				4E5814FE20225F7F008493DC /* PBXTargetDependency */,
			);
			name = package;
			productName = package;
		};
/* End PBXAggregateTarget section */

/* Begin PBXBuildFile section */
		2F38839D1CF46C6E00F114A7 /* EstEidTokenApp.swift in Sources */ = {isa = PBXBuildFile; fileRef = 2F38839C1CF46C6E00F114A7 /* EstEidTokenApp.swift */; };
		2F3883A21CF46C6E00F114A7 /* Assets.xcassets in Resources */ = {isa = PBXBuildFile; fileRef = 2F3883A11CF46C6E00F114A7 /* Assets.xcassets */; };
		2F3883BF1CF46C9D00F114A7 /* EstEIDToken.appex in Embed Foundation Extensions */ = {isa = PBXBuildFile; fileRef = 2F3883B01CF46C9D00F114A7 /* EstEIDToken.appex */; settings = {ATTRIBUTES = (RemoveHeadersOnCopy, ); }; };
		2F3883C51CF46D6F00F114A7 /* TokenSession.m in Sources */ = {isa = PBXBuildFile; fileRef = 2F3883C41CF46D6F00F114A7 /* TokenSession.m */; };
		2F7767771CF5E0A00062B0A8 /* Localizable.strings in Resources */ = {isa = PBXBuildFile; fileRef = 2F7767731CF5E0A00062B0A8 /* Localizable.strings */; };
		2F7767781CF5E0A00062B0A8 /* Localizable.stringsdict in Resources */ = {isa = PBXBuildFile; fileRef = 2F7767751CF5E0A00062B0A8 /* Localizable.stringsdict */; };
		4E1313742DB975740075D737 /* Token.h in Headers */ = {isa = PBXBuildFile; fileRef = 2F3883B71CF46C9D00F114A7 /* Token.h */; };
		4E931BC22DCDD0E30090DCED /* Localizable.strings in Resources */ = {isa = PBXBuildFile; fileRef = 4E931BBE2DCDD0E30090DCED /* Localizable.strings */; };
		4EE0CACA2CB68FCE00B2BC1E /* Token.swift in Sources */ = {isa = PBXBuildFile; fileRef = 4EE0CAC92CB68FC400B2BC1E /* Token.swift */; };
/* End PBXBuildFile section */

/* Begin PBXContainerItemProxy section */
		2F3883BD1CF46C9D00F114A7 /* PBXContainerItemProxy */ = {
			isa = PBXContainerItemProxy;
			containerPortal = 2F3883901CF46C6E00F114A7 /* Project object */;
			proxyType = 1;
			remoteGlobalIDString = 2F3883AF1CF46C9D00F114A7;
			remoteInfo = EstEIDToken;
		};
		4E5814FD20225F7F008493DC /* PBXContainerItemProxy */ = {
			isa = PBXContainerItemProxy;
			containerPortal = 2F3883901CF46C6E00F114A7 /* Project object */;
			proxyType = 1;
			remoteGlobalIDString = 2F3883971CF46C6E00F114A7;
			remoteInfo = EstEIDTokenApp;
		};
/* End PBXContainerItemProxy section */

/* Begin PBXCopyFilesBuildPhase section */
		2F3883C31CF46C9D00F114A7 /* Embed Foundation Extensions */ = {
			isa = PBXCopyFilesBuildPhase;
			buildActionMask = 2147483647;
			dstPath = "";
			dstSubfolderSpec = 13;
			files = (
				2F3883BF1CF46C9D00F114A7 /* EstEIDToken.appex in Embed Foundation Extensions */,
			);
			name = "Embed Foundation Extensions";
			runOnlyForDeploymentPostprocessing = 0;
		};
/* End PBXCopyFilesBuildPhase section */

/* Begin PBXFileReference section */
		2F3883981CF46C6E00F114A7 /* EstEIDTokenApp.app */ = {isa = PBXFileReference; explicitFileType = wrapper.application; includeInIndex = 0; path = EstEIDTokenApp.app; sourceTree = BUILT_PRODUCTS_DIR; };
		2F38839C1CF46C6E00F114A7 /* EstEidTokenApp.swift */ = {isa = PBXFileReference; lastKnownFileType = sourcecode.swift; path = EstEidTokenApp.swift; sourceTree = "<group>"; };
		2F3883A11CF46C6E00F114A7 /* Assets.xcassets */ = {isa = PBXFileReference; lastKnownFileType = folder.assetcatalog; path = Assets.xcassets; sourceTree = "<group>"; };
		2F3883B01CF46C9D00F114A7 /* EstEIDToken.appex */ = {isa = PBXFileReference; explicitFileType = "wrapper.app-extension"; includeInIndex = 0; path = EstEIDToken.appex; sourceTree = BUILT_PRODUCTS_DIR; };
		2F3883B61CF46C9D00F114A7 /* EstEIDToken.entitlements */ = {isa = PBXFileReference; lastKnownFileType = text.plist.entitlements; path = EstEIDToken.entitlements; sourceTree = "<group>"; };
		2F3883B71CF46C9D00F114A7 /* Token.h */ = {isa = PBXFileReference; lastKnownFileType = sourcecode.c.h; path = Token.h; sourceTree = "<group>"; };
		2F3883BC1CF46C9D00F114A7 /* Info.plist */ = {isa = PBXFileReference; lastKnownFileType = text.plist.xml; path = Info.plist; sourceTree = "<group>"; };
		2F3883C41CF46D6F00F114A7 /* TokenSession.m */ = {isa = PBXFileReference; fileEncoding = 4; lastKnownFileType = sourcecode.c.objc; path = TokenSession.m; sourceTree = "<group>"; };
		2F7767741CF5E0A00062B0A8 /* en */ = {isa = PBXFileReference; lastKnownFileType = text.plist.strings; name = en; path = en.lproj/Localizable.strings; sourceTree = "<group>"; };
		2F7767761CF5E0A00062B0A8 /* en */ = {isa = PBXFileReference; lastKnownFileType = text.plist.stringsdict; name = en; path = en.lproj/Localizable.stringsdict; sourceTree = "<group>"; };
		4E23C1492DCDDEF900FA4F3F /* LICENSE */ = {isa = PBXFileReference; lastKnownFileType = text; path = LICENSE; sourceTree = "<group>"; };
		4E23C14A2DCDDF0B00FA4F3F /* CONTRIBUTING.md */ = {isa = PBXFileReference; lastKnownFileType = net.daringfireball.markdown; path = CONTRIBUTING.md; sourceTree = "<group>"; };
		4E931BBD2DCDD0E30090DCED /* en */ = {isa = PBXFileReference; lastKnownFileType = text.plist.strings; name = en; path = en.lproj/Localizable.strings; sourceTree = "<group>"; };
		4E931BD22DCDD1C80090DCED /* et */ = {isa = PBXFileReference; lastKnownFileType = text.plist.strings; name = et; path = et.lproj/Localizable.strings; sourceTree = "<group>"; };
		4E931BD32DCDD1CA0090DCED /* ru */ = {isa = PBXFileReference; lastKnownFileType = text.plist.strings; name = ru; path = ru.lproj/Localizable.strings; sourceTree = "<group>"; };
		4EAFE85B212C20BE00DD6D87 /* ru */ = {isa = PBXFileReference; lastKnownFileType = text.plist.strings; name = ru; path = ru.lproj/Localizable.strings; sourceTree = "<group>"; };
		4EAFE85C212C20BE00DD6D87 /* ru */ = {isa = PBXFileReference; lastKnownFileType = text.plist.stringsdict; name = ru; path = ru.lproj/Localizable.stringsdict; sourceTree = "<group>"; };
		4EAFE85F212C20F200DD6D87 /* et */ = {isa = PBXFileReference; lastKnownFileType = text.plist.strings; name = et; path = et.lproj/Localizable.strings; sourceTree = "<group>"; };
		4EAFE860212C20F200DD6D87 /* et */ = {isa = PBXFileReference; lastKnownFileType = text.plist.stringsdict; name = et; path = et.lproj/Localizable.stringsdict; sourceTree = "<group>"; };
		4EC3D9932D50DCCB00B261F1 /* README.md */ = {isa = PBXFileReference; lastKnownFileType = net.daringfireball.markdown; path = README.md; sourceTree = "<group>"; };
		4EE0CAC92CB68FC400B2BC1E /* Token.swift */ = {isa = PBXFileReference; lastKnownFileType = sourcecode.swift; path = Token.swift; sourceTree = "<group>"; };
/* End PBXFileReference section */

/* Begin PBXGroup section */
		2F38838F1CF46C6E00F114A7 = {
			isa = PBXGroup;
			children = (
				4EC3D9932D50DCCB00B261F1 /* README.md */,
				4E23C1492DCDDEF900FA4F3F /* LICENSE */,
				4E23C14A2DCDDF0B00FA4F3F /* CONTRIBUTING.md */,
				2F38839A1CF46C6E00F114A7 /* EstEIDTokenApp */,
				2F3883B41CF46C9D00F114A7 /* EstEIDToken */,
				2F3883991CF46C6E00F114A7 /* Products */,
			);
			sourceTree = "<group>";
		};
		2F3883991CF46C6E00F114A7 /* Products */ = {
			isa = PBXGroup;
			children = (
				2F3883981CF46C6E00F114A7 /* EstEIDTokenApp.app */,
				2F3883B01CF46C9D00F114A7 /* EstEIDToken.appex */,
			);
			name = Products;
			sourceTree = "<group>";
		};
		2F38839A1CF46C6E00F114A7 /* EstEIDTokenApp */ = {
			isa = PBXGroup;
			children = (
				4E931BBE2DCDD0E30090DCED /* Localizable.strings */,
				2F3883A11CF46C6E00F114A7 /* Assets.xcassets */,
				2F38839C1CF46C6E00F114A7 /* EstEidTokenApp.swift */,
			);
			path = EstEIDTokenApp;
			sourceTree = "<group>";
		};
		2F3883B41CF46C9D00F114A7 /* EstEIDToken */ = {
			isa = PBXGroup;
			children = (
				2F7767731CF5E0A00062B0A8 /* Localizable.strings */,
				2F7767751CF5E0A00062B0A8 /* Localizable.stringsdict */,
				2F3883B71CF46C9D00F114A7 /* Token.h */,
				2F3883C41CF46D6F00F114A7 /* TokenSession.m */,
				4EE0CAC92CB68FC400B2BC1E /* Token.swift */,
				2F3883BC1CF46C9D00F114A7 /* Info.plist */,
				2F3883B61CF46C9D00F114A7 /* EstEIDToken.entitlements */,
			);
			path = EstEIDToken;
			sourceTree = "<group>";
		};
/* End PBXGroup section */

/* Begin PBXHeadersBuildPhase section */
		4E1313732DB9756C0075D737 /* Headers */ = {
			isa = PBXHeadersBuildPhase;
			buildActionMask = 2147483647;
			files = (
				4E1313742DB975740075D737 /* Token.h in Headers */,
			);
			runOnlyForDeploymentPostprocessing = 0;
		};
/* End PBXHeadersBuildPhase section */

/* Begin PBXNativeTarget section */
		2F3883971CF46C6E00F114A7 /* EstEIDTokenApp */ = {
			isa = PBXNativeTarget;
			buildConfigurationList = 2F3883A91CF46C6F00F114A7 /* Build configuration list for PBXNativeTarget "EstEIDTokenApp" */;
			buildPhases = (
				2F3883941CF46C6E00F114A7 /* Sources */,
				2F3883961CF46C6E00F114A7 /* Resources */,
				2F3883C31CF46C9D00F114A7 /* Embed Foundation Extensions */,
			);
			buildRules = (
			);
			dependencies = (
				2F3883BE1CF46C9D00F114A7 /* PBXTargetDependency */,
			);
			name = EstEIDTokenApp;
			productName = EstEIDTokenApp;
			productReference = 2F3883981CF46C6E00F114A7 /* EstEIDTokenApp.app */;
			productType = "com.apple.product-type.application";
		};
		2F3883AF1CF46C9D00F114A7 /* EstEIDToken */ = {
			isa = PBXNativeTarget;
			buildConfigurationList = 2F3883C01CF46C9D00F114A7 /* Build configuration list for PBXNativeTarget "EstEIDToken" */;
			buildPhases = (
				4E1313732DB9756C0075D737 /* Headers */,
				2F3883AC1CF46C9D00F114A7 /* Sources */,
				2F3883AE1CF46C9D00F114A7 /* Resources */,
			);
			buildRules = (
			);
			dependencies = (
			);
			name = EstEIDToken;
			productName = EstEIDToken;
			productReference = 2F3883B01CF46C9D00F114A7 /* EstEIDToken.appex */;
			productType = "com.apple.product-type.app-extension";
		};
/* End PBXNativeTarget section */

/* Begin PBXProject section */
		2F3883901CF46C6E00F114A7 /* Project object */ = {
			isa = PBXProject;
			attributes = {
				BuildIndependentTargetsInParallel = YES;
				LastSwiftUpdateCheck = 1520;
				LastUpgradeCheck = 1630;
				ORGANIZATIONNAME = "";
				TargetAttributes = {
					2F3883971CF46C6E00F114A7 = {
						CreatedOnToolsVersion = 8.0;
					};
					2F3883AF1CF46C9D00F114A7 = {
						CreatedOnToolsVersion = 8.0;
						LastSwiftMigration = 1600;
					};
					4E5814F920225F53008493DC = {
						CreatedOnToolsVersion = 9.2;
						ProvisioningStyle = Automatic;
					};
				};
			};
			buildConfigurationList = 2F3883931CF46C6E00F114A7 /* Build configuration list for PBXProject "EstEIDTokenApp" */;
			compatibilityVersion = "Xcode 13.0";
			developmentRegion = en;
			hasScannedForEncodings = 0;
			knownRegions = (
				en,
				Base,
				ru,
				et,
			);
			mainGroup = 2F38838F1CF46C6E00F114A7;
			productRefGroup = 2F3883991CF46C6E00F114A7 /* Products */;
			projectDirPath = "";
			projectRoot = "";
			targets = (
				2F3883971CF46C6E00F114A7 /* EstEIDTokenApp */,
				2F3883AF1CF46C9D00F114A7 /* EstEIDToken */,
				4E5814F920225F53008493DC /* package */,
			);
		};
/* End PBXProject section */

/* Begin PBXResourcesBuildPhase section */
		2F3883961CF46C6E00F114A7 /* Resources */ = {
			isa = PBXResourcesBuildPhase;
			buildActionMask = 2147483647;
			files = (
				4E931BC22DCDD0E30090DCED /* Localizable.strings in Resources */,
				2F3883A21CF46C6E00F114A7 /* Assets.xcassets in Resources */,
			);
			runOnlyForDeploymentPostprocessing = 0;
		};
		2F3883AE1CF46C9D00F114A7 /* Resources */ = {
			isa = PBXResourcesBuildPhase;
			buildActionMask = 2147483647;
			files = (
				2F7767771CF5E0A00062B0A8 /* Localizable.strings in Resources */,
				2F7767781CF5E0A00062B0A8 /* Localizable.stringsdict in Resources */,
			);
			runOnlyForDeploymentPostprocessing = 0;
		};
/* End PBXResourcesBuildPhase section */

/* Begin PBXShellScriptBuildPhase section */
		4E5814FF20225FA6008493DC /* Build package */ = {
			isa = PBXShellScriptBuildPhase;
			buildActionMask = 8;
			files = (
			);
			inputPaths = (
			);
			name = "Build package";
			outputPaths = (
			);
			runOnlyForDeploymentPostprocessing = 1;
			shellPath = /bin/sh;
			shellScript = "if [ \"${CODE_SIGNING_REQUIRED}\" != \"NO\" ]; then\n  SIGN=(--sign \"${DEVELOPMENT_TEAM}\")\nfi\npkgbuild --root ${DSTROOT} --install-location / --identifier ee.ria.esteid-ctk-tokend --version ${MARKETING_VERSION}.${CURRENT_PROJECT_VERSION} \"${SIGN[@]}\" esteid-ctk-tokend_${MARKETING_VERSION}.${CURRENT_PROJECT_VERSION}.pkg\n";
			showEnvVarsInLog = 0;
		};
/* End PBXShellScriptBuildPhase section */

/* Begin PBXSourcesBuildPhase section */
		2F3883941CF46C6E00F114A7 /* Sources */ = {
			isa = PBXSourcesBuildPhase;
			buildActionMask = 2147483647;
			files = (
				2F38839D1CF46C6E00F114A7 /* EstEidTokenApp.swift in Sources */,
			);
			runOnlyForDeploymentPostprocessing = 0;
		};
		2F3883AC1CF46C9D00F114A7 /* Sources */ = {
			isa = PBXSourcesBuildPhase;
			buildActionMask = 2147483647;
			files = (
				2F3883C51CF46D6F00F114A7 /* TokenSession.m in Sources */,
				4EE0CACA2CB68FCE00B2BC1E /* Token.swift in Sources */,
			);
			runOnlyForDeploymentPostprocessing = 0;
		};
/* End PBXSourcesBuildPhase section */

/* Begin PBXTargetDependency section */
		2F3883BE1CF46C9D00F114A7 /* PBXTargetDependency */ = {
			isa = PBXTargetDependency;
			target = 2F3883AF1CF46C9D00F114A7 /* EstEIDToken */;
			targetProxy = 2F3883BD1CF46C9D00F114A7 /* PBXContainerItemProxy */;
		};
		4E5814FE20225F7F008493DC /* PBXTargetDependency */ = {
			isa = PBXTargetDependency;
			target = 2F3883971CF46C6E00F114A7 /* EstEIDTokenApp */;
			targetProxy = 4E5814FD20225F7F008493DC /* PBXContainerItemProxy */;
		};
/* End PBXTargetDependency section */

/* Begin PBXVariantGroup section */
		2F7767731CF5E0A00062B0A8 /* Localizable.strings */ = {
			isa = PBXVariantGroup;
			children = (
				2F7767741CF5E0A00062B0A8 /* en */,
				4EAFE85B212C20BE00DD6D87 /* ru */,
				4EAFE85F212C20F200DD6D87 /* et */,
			);
			name = Localizable.strings;
			sourceTree = "<group>";
		};
		2F7767751CF5E0A00062B0A8 /* Localizable.stringsdict */ = {
			isa = PBXVariantGroup;
			children = (
				2F7767761CF5E0A00062B0A8 /* en */,
				4EAFE85C212C20BE00DD6D87 /* ru */,
				4EAFE860212C20F200DD6D87 /* et */,
			);
			name = Localizable.stringsdict;
			sourceTree = "<group>";
		};
		4E931BBE2DCDD0E30090DCED /* Localizable.strings */ = {
			isa = PBXVariantGroup;
			children = (
				4E931BBD2DCDD0E30090DCED /* en */,
				4E931BD22DCDD1C80090DCED /* et */,
				4E931BD32DCDD1CA0090DCED /* ru */,
			);
			name = Localizable.strings;
			sourceTree = "<group>";
		};
/* End PBXVariantGroup section */

/* Begin XCBuildConfiguration section */
		2F3883A71CF46C6F00F114A7 /* Debug */ = {
			isa = XCBuildConfiguration;
			buildSettings = {
				ALWAYS_SEARCH_USER_PATHS = NO;
				ASSETCATALOG_COMPILER_GENERATE_SWIFT_ASSET_SYMBOL_EXTENSIONS = YES;
				CLANG_ANALYZER_LOCALIZABILITY_NONLOCALIZED = YES;
				CLANG_ANALYZER_NONNULL = YES;
				CLANG_ANALYZER_NUMBER_OBJECT_CONVERSION = YES_AGGRESSIVE;
				CLANG_CXX_LANGUAGE_STANDARD = "gnu++17";
				CLANG_ENABLE_MODULES = YES;
				CLANG_ENABLE_OBJC_ARC = YES;
				CLANG_ENABLE_OBJC_WEAK = YES;
				CLANG_WARN_BLOCK_CAPTURE_AUTORELEASING = YES;
				CLANG_WARN_BOOL_CONVERSION = YES;
				CLANG_WARN_COMMA = YES;
				CLANG_WARN_CONSTANT_CONVERSION = YES;
				CLANG_WARN_DEPRECATED_OBJC_IMPLEMENTATIONS = YES;
				CLANG_WARN_DIRECT_OBJC_ISA_USAGE = YES_ERROR;
				CLANG_WARN_DOCUMENTATION_COMMENTS = YES;
				CLANG_WARN_EMPTY_BODY = YES;
				CLANG_WARN_ENUM_CONVERSION = YES;
				CLANG_WARN_INFINITE_RECURSION = YES;
				CLANG_WARN_INT_CONVERSION = YES;
				CLANG_WARN_NON_LITERAL_NULL_CONVERSION = YES;
				CLANG_WARN_OBJC_IMPLICIT_RETAIN_SELF = YES;
				CLANG_WARN_OBJC_LITERAL_CONVERSION = YES;
				CLANG_WARN_OBJC_ROOT_CLASS = YES_ERROR;
				CLANG_WARN_QUOTED_INCLUDE_IN_FRAMEWORK_HEADER = YES;
				CLANG_WARN_RANGE_LOOP_ANALYSIS = YES;
				CLANG_WARN_STRICT_PROTOTYPES = YES;
				CLANG_WARN_SUSPICIOUS_MOVE = YES;
				CLANG_WARN_UNGUARDED_AVAILABILITY = YES_AGGRESSIVE;
				CLANG_WARN_UNREACHABLE_CODE = YES;
				CLANG_WARN__DUPLICATE_METHOD_MATCH = YES;
				CODE_SIGN_IDENTITY = "-";
				CODE_SIGN_STYLE = Automatic;
				COPY_PHASE_STRIP = NO;
				CURRENT_PROJECT_VERSION = 0;
				DEAD_CODE_STRIPPING = YES;
				DEBUG_INFORMATION_FORMAT = dwarf;
				ENABLE_STRICT_OBJC_MSGSEND = YES;
				ENABLE_TESTABILITY = YES;
				ENABLE_USER_SCRIPT_SANDBOXING = YES;
				GCC_C_LANGUAGE_STANDARD = gnu11;
				GCC_NO_COMMON_BLOCKS = YES;
				GCC_OPTIMIZATION_LEVEL = 0;
				GCC_PREPROCESSOR_DEFINITIONS = (
					"DEBUG=1",
					"$(inherited)",
				);
				GCC_WARN_64_TO_32_BIT_CONVERSION = YES;
				GCC_WARN_ABOUT_RETURN_TYPE = YES_ERROR;
				GCC_WARN_UNDECLARED_SELECTOR = YES;
				GCC_WARN_UNINITIALIZED_AUTOS = YES_AGGRESSIVE;
				GCC_WARN_UNUSED_FUNCTION = YES;
				GCC_WARN_UNUSED_VARIABLE = YES;
				LOCALIZATION_PREFERS_STRING_CATALOGS = NO;
				MACOSX_DEPLOYMENT_TARGET = 12.0;
				MARKETING_VERSION = 1.5.0;
				ONLY_ACTIVE_ARCH = YES;
				SDKROOT = macosx;
				SWIFT_ACTIVE_COMPILATION_CONDITIONS = DEBUG;
				SWIFT_EMIT_LOC_STRINGS = YES;
				SWIFT_OPTIMIZATION_LEVEL = "-Onone";
				SWIFT_VERSION = 5.0;
			};
			name = Debug;
		};
		2F3883A81CF46C6F00F114A7 /* Release */ = {
			isa = XCBuildConfiguration;
			buildSettings = {
				ALWAYS_SEARCH_USER_PATHS = NO;
				ASSETCATALOG_COMPILER_GENERATE_SWIFT_ASSET_SYMBOL_EXTENSIONS = YES;
				CLANG_ANALYZER_LOCALIZABILITY_NONLOCALIZED = YES;
				CLANG_ANALYZER_NONNULL = YES;
				CLANG_ANALYZER_NUMBER_OBJECT_CONVERSION = YES_AGGRESSIVE;
				CLANG_CXX_LANGUAGE_STANDARD = "gnu++17";
				CLANG_ENABLE_MODULES = YES;
				CLANG_ENABLE_OBJC_ARC = YES;
				CLANG_ENABLE_OBJC_WEAK = YES;
				CLANG_WARN_BLOCK_CAPTURE_AUTORELEASING = YES;
				CLANG_WARN_BOOL_CONVERSION = YES;
				CLANG_WARN_COMMA = YES;
				CLANG_WARN_CONSTANT_CONVERSION = YES;
				CLANG_WARN_DEPRECATED_OBJC_IMPLEMENTATIONS = YES;
				CLANG_WARN_DIRECT_OBJC_ISA_USAGE = YES_ERROR;
				CLANG_WARN_DOCUMENTATION_COMMENTS = YES;
				CLANG_WARN_EMPTY_BODY = YES;
				CLANG_WARN_ENUM_CONVERSION = YES;
				CLANG_WARN_INFINITE_RECURSION = YES;
				CLANG_WARN_INT_CONVERSION = YES;
				CLANG_WARN_NON_LITERAL_NULL_CONVERSION = YES;
				CLANG_WARN_OBJC_IMPLICIT_RETAIN_SELF = YES;
				CLANG_WARN_OBJC_LITERAL_CONVERSION = YES;
				CLANG_WARN_OBJC_ROOT_CLASS = YES_ERROR;
				CLANG_WARN_QUOTED_INCLUDE_IN_FRAMEWORK_HEADER = YES;
				CLANG_WARN_RANGE_LOOP_ANALYSIS = YES;
				CLANG_WARN_STRICT_PROTOTYPES = YES;
				CLANG_WARN_SUSPICIOUS_MOVE = YES;
				CLANG_WARN_UNGUARDED_AVAILABILITY = YES_AGGRESSIVE;
				CLANG_WARN_UNREACHABLE_CODE = YES;
				CLANG_WARN__DUPLICATE_METHOD_MATCH = YES;
				CODE_SIGN_IDENTITY = "Developer ID Application";
				CODE_SIGN_INJECT_BASE_ENTITLEMENTS = NO;
				CODE_SIGN_STYLE = Manual;
				COPY_PHASE_STRIP = NO;
				CURRENT_PROJECT_VERSION = 0;
				DEAD_CODE_STRIPPING = YES;
				DEBUG_INFORMATION_FORMAT = "dwarf-with-dsym";
				ENABLE_NS_ASSERTIONS = NO;
				ENABLE_STRICT_OBJC_MSGSEND = YES;
				ENABLE_USER_SCRIPT_SANDBOXING = YES;
				GCC_C_LANGUAGE_STANDARD = gnu11;
				GCC_NO_COMMON_BLOCKS = YES;
				GCC_WARN_64_TO_32_BIT_CONVERSION = YES;
				GCC_WARN_ABOUT_RETURN_TYPE = YES_ERROR;
				GCC_WARN_UNDECLARED_SELECTOR = YES;
				GCC_WARN_UNINITIALIZED_AUTOS = YES_AGGRESSIVE;
				GCC_WARN_UNUSED_FUNCTION = YES;
				GCC_WARN_UNUSED_VARIABLE = YES;
				LOCALIZATION_PREFERS_STRING_CATALOGS = NO;
				MACOSX_DEPLOYMENT_TARGET = 12.0;
				MARKETING_VERSION = 1.5.0;
				OTHER_CODE_SIGN_FLAGS = "--timestamp --options=runtime";
				SDKROOT = macosx;
				SWIFT_COMPILATION_MODE = wholemodule;
				SWIFT_EMIT_LOC_STRINGS = YES;
				SWIFT_VERSION = 5.0;
			};
			name = Release;
		};
		2F3883AA1CF46C6F00F114A7 /* Debug */ = {
			isa = XCBuildConfiguration;
			buildSettings = {
				ASSETCATALOG_COMPILER_APPICON_NAME = AppIcon;
				COMBINE_HIDPI_IMAGES = YES;
				GENERATE_INFOPLIST_FILE = YES;
				INFOPLIST_KEY_LSApplicationCategoryType = "public.app-category.utilities";
				INSTALL_PATH = "$(LOCAL_APPS_DIR)/Utilities";
				LD_RUNPATH_SEARCH_PATHS = (
					"$(inherited)",
					"@executable_path/../Frameworks",
				);
				PRODUCT_BUNDLE_IDENTIFIER = ee.ria.EstEIDTokenApp;
				PRODUCT_NAME = "$(TARGET_NAME)";
			};
			name = Debug;
		};
		2F3883AB1CF46C6F00F114A7 /* Release */ = {
			isa = XCBuildConfiguration;
			buildSettings = {
				ASSETCATALOG_COMPILER_APPICON_NAME = AppIcon;
				COMBINE_HIDPI_IMAGES = YES;
				GENERATE_INFOPLIST_FILE = YES;
				INFOPLIST_KEY_LSApplicationCategoryType = "public.app-category.utilities";
				INSTALL_PATH = "$(LOCAL_APPS_DIR)/Utilities";
				LD_RUNPATH_SEARCH_PATHS = (
					"$(inherited)",
					"@executable_path/../Frameworks",
				);
				PRODUCT_BUNDLE_IDENTIFIER = ee.ria.EstEIDTokenApp;
				PRODUCT_NAME = "$(TARGET_NAME)";
			};
			name = Release;
		};
		2F3883C11CF46C9D00F114A7 /* Debug */ = {
			isa = XCBuildConfiguration;
			buildSettings = {
				CODE_SIGN_ENTITLEMENTS = EstEIDToken/EstEIDToken.entitlements;
				COMBINE_HIDPI_IMAGES = YES;
				GENERATE_INFOPLIST_FILE = YES;
				INFOPLIST_FILE = EstEIDToken/Info.plist;
				LD_RUNPATH_SEARCH_PATHS = (
					"$(inherited)",
					"@executable_path/../Frameworks",
					"@executable_path/../../../../Frameworks",
				);
				PRODUCT_BUNDLE_IDENTIFIER = ee.ria.EstEIDTokenApp.EstEIDToken;
				PRODUCT_NAME = "$(TARGET_NAME)";
				SKIP_INSTALL = YES;
				SWIFT_OBJC_BRIDGING_HEADER = EstEIDToken/Token.h;
			};
			name = Debug;
		};
		2F3883C21CF46C9D00F114A7 /* Release */ = {
			isa = XCBuildConfiguration;
			buildSettings = {
				CODE_SIGN_ENTITLEMENTS = EstEIDToken/EstEIDToken.entitlements;
				COMBINE_HIDPI_IMAGES = YES;
				GENERATE_INFOPLIST_FILE = YES;
				INFOPLIST_FILE = EstEIDToken/Info.plist;
				LD_RUNPATH_SEARCH_PATHS = (
					"$(inherited)",
					"@executable_path/../Frameworks",
					"@executable_path/../../../../Frameworks",
				);
				PRODUCT_BUNDLE_IDENTIFIER = ee.ria.EstEIDTokenApp.EstEIDToken;
				PRODUCT_NAME = "$(TARGET_NAME)";
				SKIP_INSTALL = YES;
				SWIFT_OBJC_BRIDGING_HEADER = EstEIDToken/Token.h;
			};
			name = Release;
		};
		4E5814FB20225F53008493DC /* Debug */ = {
			isa = XCBuildConfiguration;
			buildSettings = {
				ENABLE_USER_SCRIPT_SANDBOXING = NO;
				PRODUCT_NAME = "$(TARGET_NAME)";
			};
			name = Debug;
		};
		4E5814FC20225F53008493DC /* Release */ = {
			isa = XCBuildConfiguration;
			buildSettings = {
				ENABLE_USER_SCRIPT_SANDBOXING = NO;
				PRODUCT_NAME = "$(TARGET_NAME)";
			};
			name = Release;
		};
/* End XCBuildConfiguration section */

/* Begin XCConfigurationList section */
		2F3883931CF46C6E00F114A7 /* Build configuration list for PBXProject "EstEIDTokenApp" */ = {
			isa = XCConfigurationList;
			buildConfigurations = (
				2F3883A71CF46C6F00F114A7 /* Debug */,
				2F3883A81CF46C6F00F114A7 /* Release */,
			);
			defaultConfigurationIsVisible = 0;
			defaultConfigurationName = Release;
		};
		2F3883A91CF46C6F00F114A7 /* Build configuration list for PBXNativeTarget "EstEIDTokenApp" */ = {
			isa = XCConfigurationList;
			buildConfigurations = (
				2F3883AA1CF46C6F00F114A7 /* Debug */,
				2F3883AB1CF46C6F00F114A7 /* Release */,
			);
			defaultConfigurationIsVisible = 0;
			defaultConfigurationName = Release;
		};
		2F3883C01CF46C9D00F114A7 /* Build configuration list for PBXNativeTarget "EstEIDToken" */ = {
			isa = XCConfigurationList;
			buildConfigurations = (
				2F3883C11CF46C9D00F114A7 /* Debug */,
				2F3883C21CF46C9D00F114A7 /* Release */,
			);
			defaultConfigurationIsVisible = 0;
			defaultConfigurationName = Release;
		};
		4E5814FA20225F53008493DC /* Build configuration list for PBXAggregateTarget "package" */ = {
			isa = XCConfigurationList;
			buildConfigurations = (
				4E5814FB20225F53008493DC /* Debug */,
				4E5814FC20225F53008493DC /* Release */,
			);
			defaultConfigurationIsVisible = 0;
			defaultConfigurationName = Release;
		};
/* End XCConfigurationList section */
	};
	rootObject = 2F3883901CF46C6E00F114A7 /* Project object */;
}
